
Microsoft Visual Studio Solution File, Format Version 12.00
# Visual Studio Version 17
VisualStudioVersion = 17.4.33122.133
MinimumVisualStudioVersion = 10.0.40219.1
Project("{FAE04EC0-301F-11D3-BF4B-00C04F79EFBC}") = "Minions", "Minions.csproj", "{603C8FB5-2DC3-4016-A31E-D24CEF3AC74F}"
EndProject
Global
	GlobalSection(SolutionConfigurationPlatforms) = preSolution
		Debug|Any CPU = Debug|Any CPU
		Release|Any CPU = Release|Any CPU
	EndGlobalSection
	GlobalSection(ProjectConfigurationPlatforms) = postSolution
		{603C8FB5-2DC3-4016-A31E-D24CEF3AC74F}.Debug|Any CPU.ActiveCfg = Debug|Any CPU
		{603C8FB5-2DC3-4016-A31E-D24CEF3AC74F}.Debug|Any CPU.Build.0 = Debug|Any CPU
		{603C8FB5-2DC3-4016-A31E-D24CEF3AC74F}.Release|Any CPU.ActiveCfg = Release|Any CPU
		{603C8FB5-2DC3-4016-A31E-D24CEF3AC74F}.Release|Any CPU.Build.0 = Release|Any CPU
	EndGlobalSection
	GlobalSection(SolutionProperties) = preSolution
		HideSolutionNode = FALSE
	EndGlobalSection
	GlobalSection(ExtensibilityGlobals) = postSolution
		SolutionGuid = {E73E1415-36F7-4BC9-9D20-60DEE6840B41}
	EndGlobalSection
EndGlobal
